
Microsoft Visual Studio Solution File, Format Version 12.00
# Visual Studio Version 17
VisualStudioVersion = 17.14.36429.23 d17.14
MinimumVisualStudioVersion = 10.0.40219.1
Project("{FAE04EC0-301F-11D3-BF4B-00C04F79EFBC}") = "CasoI.PrograAvanzada", "CasoI.PrograAvanzada\CasoI.PrograAvanzada.csproj", "{56C60888-46E6-45B8-B61E-1CB8B83348A7}"
EndProject
Project("{FAE04EC0-301F-11D3-BF4B-00C04F79EFBC}") = "CasoI.API", "CasoI.API\CasoI.API.csproj", "{5A87E57C-E8F1-4C64-9B81-7FDA132BDC20}"
EndProject
Global
	GlobalSection(SolutionConfigurationPlatforms) = preSolution
		Debug|Any CPU = Debug|Any CPU
		Release|Any CPU = Release|Any CPU
	EndGlobalSection
	GlobalSection(ProjectConfigurationPlatforms) = postSolution
		{56C60888-46E6-45B8-B61E-1CB8B83348A7}.Debug|Any CPU.ActiveCfg = Debug|Any CPU
		{56C60888-46E6-45B8-B61E-1CB8B83348A7}.Debug|Any CPU.Build.0 = Debug|Any CPU
		{56C60888-46E6-45B8-B61E-1CB8B83348A7}.Release|Any CPU.ActiveCfg = Release|Any CPU
		{56C60888-46E6-45B8-B61E-1CB8B83348A7}.Release|Any CPU.Build.0 = Release|Any CPU
		{5A87E57C-E8F1-4C64-9B81-7FDA132BDC20}.Debug|Any CPU.ActiveCfg = Debug|Any CPU
		{5A87E57C-E8F1-4C64-9B81-7FDA132BDC20}.Debug|Any CPU.Build.0 = Debug|Any CPU
		{5A87E57C-E8F1-4C64-9B81-7FDA132BDC20}.Release|Any CPU.ActiveCfg = Release|Any CPU
		{5A87E57C-E8F1-4C64-9B81-7FDA132BDC20}.Release|Any CPU.Build.0 = Release|Any CPU
	EndGlobalSection
	GlobalSection(SolutionProperties) = preSolution
		HideSolutionNode = FALSE
	EndGlobalSection
	GlobalSection(ExtensibilityGlobals) = postSolution
		SolutionGuid = {90648219-0E9C-42B5-A850-06AB391879A0}
	EndGlobalSection
EndGlobal
